
Microsoft Visual Studio Solution File, Format Version 12.00
# Visual Studio Version 17
VisualStudioVersion = 17.10.35027.167
MinimumVisualStudioVersion = 10.0.40219.1
Project("{FAE04EC0-301F-11D3-BF4B-00C04F79EFBC}") = "NejdelsiRostouciNearijskaPosloupnost", "NejdelsiRostouciNearijskaPosloupnost\NejdelsiRostouciNearijskaPosloupnost.csproj", "{11A62D26-CA45-4905-88D1-C427B2AA1CA0}"
EndProject
Global
	GlobalSection(SolutionConfigurationPlatforms) = preSolution
		Debug|Any CPU = Debug|Any CPU
		Release|Any CPU = Release|Any CPU
	EndGlobalSection
	GlobalSection(ProjectConfigurationPlatforms) = postSolution
		{11A62D26-CA45-4905-88D1-C427B2AA1CA0}.Debug|Any CPU.ActiveCfg = Debug|Any CPU
		{11A62D26-CA45-4905-88D1-C427B2AA1CA0}.Debug|Any CPU.Build.0 = Debug|Any CPU
		{11A62D26-CA45-4905-88D1-C427B2AA1CA0}.Release|Any CPU.ActiveCfg = Release|Any CPU
		{11A62D26-CA45-4905-88D1-C427B2AA1CA0}.Release|Any CPU.Build.0 = Release|Any CPU
	EndGlobalSection
	GlobalSection(SolutionProperties) = preSolution
		HideSolutionNode = FALSE
	EndGlobalSection
	GlobalSection(ExtensibilityGlobals) = postSolution
		SolutionGuid = {1752AE36-1CDC-4247-8E14-85F9633750B6}
	EndGlobalSection
EndGlobal
